dependencies:
- name: grafana
  repository: https://grafana.github.io/helm-charts
  version: 8.5.1
- name: keycloak
  repository: https://charts.bitnami.com/bitnami
  version: 24.0.0
- name: mongodb
  repository: https://charts.bitnami.com/bitnami
  version: 16.0.3
- name: prometheus
  repository: https://prometheus-community.github.io/helm-charts
  version: 25.27.0
- name: alert-management
  repository: ""
  version: 0.1.0
- name: patient-management
  repository: ""
  version: 0.1.0
- name: frontend
  repository: ""
  version: 0.2.9
- name: analyse-haut-niveau-management
  repository: ""
  version: 0.2.0
digest: sha256:d2ae72d1650e87bc836f5767647ae24d3a2c07d79b3af1efd7a07de0a7711cd2
generated: "2024-10-27T15:44:42.9745649+01:00"
