dependencies:
- name: grafana
  repository: https://grafana.github.io/helm-charts
  version: 8.5.1
- name: keycloak
  repository: https://charts.bitnami.com/bitnami
  version: 24.0.0
- name: mongodb
  repository: https://charts.bitnami.com/bitnami
  version: 16.0.3
- name: prometheus
  repository: https://prometheus-community.github.io/helm-charts
  version: 25.27.0
- name: alert-management
  repository: ""
  version: 0.1.0
- name: patient-management
  repository: ""
  version: 0.1.0
- name: frontend
  repository: ""
  version: 0.1.0
- name: analyse-haut-niveau-management
  repository: ""
  version: 0.1.0
digest: sha256:66461e8f8c171339e6ce9e75313cc470f4b7919981c2f06c1f171555e6b9fc45
generated: "2024-10-23T17:15:07.9772466+02:00"
