dependencies:
- name: grafana
  repository: https://grafana.github.io/helm-charts
  version: 8.5.1
- name: keycloak
  repository: https://charts.bitnami.com/bitnami
  version: 24.0.0
- name: mongodb
  repository: https://charts.bitnami.com/bitnami
  version: 16.0.3
- name: prometheus
  repository: https://prometheus-community.github.io/helm-charts
  version: 25.27.0
- name: alert-management
  repository: ""
  version: 0.1.0
- name: patient-management
  repository: ""
  version: 0.1.0
- name: frontend
  repository: ""
  version: 0.2.6
- name: analyse-haut-niveau-management
  repository: ""
  version: 0.2.0
digest: sha256:220182c064a58fdae93d00ce42041fcdb428409fefe93863e6b61d6a3fae97b1
generated: "2024-10-27T15:19:43.3793138+01:00"
